<?xml version="1.0" encoding="utf-8"?>
<Project ToolsVersion="4.0" xmlns="http://schemas.microsoft.com/developer/msbuild/2003">
  <ItemGroup>
    <Filter Include="App">
      <UniqueIdentifier>{d6d8aa6b-7635-4125-bb89-767a0ba6d75d}</UniqueIdentifier>
    </Filter>
    <Filter Include="Model">
      <UniqueIdentifier>{f666b59d-ae49-4fc0-a4f0-ba1773beea48}</UniqueIdentifier>
    </Filter>
    <Filter Include="View">
      <UniqueIdentifier>{076cafc1-9226-45c9-98fb-82680ea2e54f}</UniqueIdentifier>
    </Filter>
    <Filter Include="Presenter">
      <UniqueIdentifier>{6b793550-8b0c-47a4-8775-06fa4868cc31}</UniqueIdentifier>
    </Filter>
  </ItemGroup>
  <ItemGroup>
    <ClCompile Include="main.cpp">
      <Filter>App</Filter>
    </ClCompile>
    <ClCompile Include="View.cpp">
      <Filter>View</Filter>
    </ClCompile>
    <ClCompile Include="Presenter.cpp">
      <Filter>Presenter</Filter>
    </ClCompile>
    <ClCompile Include="Camisa.cpp">
      <Filter>Model</Filter>
    </ClCompile>
    <ClCompile Include="Cotizacion.cpp">
      <Filter>Model</Filter>
    </ClCompile>
    <ClCompile Include="Pantalon.cpp">
      <Filter>Model</Filter>
    </ClCompile>
    <ClCompile Include="Prenda.cpp">
      <Filter>Model</Filter>
    </ClCompile>
    <ClCompile Include="Tienda.cpp">
      <Filter>Model</Filter>
    </ClCompile>
    <ClCompile Include="Vendedor.cpp">
      <Filter>Model</Filter>
    </ClCompile>
  </ItemGroup>
  <ItemGroup>
    <ClInclude Include="View.h">
      <Filter>View</Filter>
    </ClInclude>
    <ClInclude Include="IView.h">
      <Filter>View</Filter>
    </ClInclude>
    <ClInclude Include="Presenter.h">
      <Filter>Presenter</Filter>
    </ClInclude>
    <ClInclude Include="Camisa.h">
      <Filter>Model</Filter>
    </ClInclude>
    <ClInclude Include="Cotizacion.h">
      <Filter>Model</Filter>
    </ClInclude>
    <ClInclude Include="Pantalon.h">
      <Filter>Model</Filter>
    </ClInclude>
    <ClInclude Include="Prenda.h">
      <Filter>Model</Filter>
    </ClInclude>
    <ClInclude Include="Tienda.h">
      <Filter>Model</Filter>
    </ClInclude>
    <ClInclude Include="Vendedor.h">
      <Filter>Model</Filter>
    </ClInclude>
  </ItemGroup>
</Project>